
Microsoft Visual Studio Solution File, Format Version 12.00
# Visual Studio Version 17
VisualStudioVersion = 17.8.34330.188
MinimumVisualStudioVersion = 10.0.40219.1
Project("{FAE04EC0-301F-11D3-BF4B-00C04F79EFBC}") = "Module7", "Module7\Module7.csproj", "{1BDD329F-93F8-478A-A13A-2227F89E64B9}"
EndProject
Global
	GlobalSection(SolutionConfigurationPlatforms) = preSolution
		Debug|Any CPU = Debug|Any CPU
		Release|Any CPU = Release|Any CPU
	EndGlobalSection
	GlobalSection(ProjectConfigurationPlatforms) = postSolution
		{1BDD329F-93F8-478A-A13A-2227F89E64B9}.Debug|Any CPU.ActiveCfg = Debug|Any CPU
		{1BDD329F-93F8-478A-A13A-2227F89E64B9}.Debug|Any CPU.Build.0 = Debug|Any CPU
		{1BDD329F-93F8-478A-A13A-2227F89E64B9}.Release|Any CPU.ActiveCfg = Release|Any CPU
		{1BDD329F-93F8-478A-A13A-2227F89E64B9}.Release|Any CPU.Build.0 = Release|Any CPU
	EndGlobalSection
	GlobalSection(SolutionProperties) = preSolution
		HideSolutionNode = FALSE
	EndGlobalSection
	GlobalSection(ExtensibilityGlobals) = postSolution
		SolutionGuid = {73E97951-368C-44D3-8AEA-9E4F8388090C}
	EndGlobalSection
EndGlobal
